
Microsoft Visual Studio Solution File, Format Version 12.00
# Visual Studio Version 17
VisualStudioVersion = 17.0.31903.59
MinimumVisualStudioVersion = 10.0.40219.1
Project("{2150E333-8FDC-42A3-9474-1A3956D46DE8}") = "src", "src", "{827E0CD3-B72D-47B6-A68D-7590B98EB39B}"
EndProject
Project("{FAE04EC0-301F-11D3-BF4B-00C04F79EFBC}") = "Skylines.Bridge", "src\Skylines.Bridge\Skylines.Bridge.csproj", "{DC54419D-8299-4BAE-9FC6-8AF6BE49678B}"
EndProject
Project("{FAE04EC0-301F-11D3-BF4B-00C04F79EFBC}") = "MinecraftSkylines.Protocol", "src\MinecraftSkylines.Protocol\MinecraftSkylines.Protocol.csproj", "{D30C15BB-A14D-41B5-990B-064E5A707C52}"
EndProject
Project("{2150E333-8FDC-42A3-9474-1A3956D46DE8}") = "tests", "tests", "{0AB3BF05-4346-4AA6-1389-037BE0695223}"
EndProject
Project("{FAE04EC0-301F-11D3-BF4B-00C04F79EFBC}") = "Skylines.Bridge.Tests", "tests\Skylines.Bridge.Tests\Skylines.Bridge.Tests.csproj", "{F3CD1598-CF14-4B1F-ACDE-BB8EE4533D1D}"
EndProject
Project("{FAE04EC0-301F-11D3-BF4B-00C04F79EFBC}") = "MinecraftSkylines.Protocol.Tests", "tests\MinecraftSkylines.Protocol.Tests\MinecraftSkylines.Protocol.Tests.csproj", "{7A953623-1560-4C1F-8ABC-24D8157A01DA}"
EndProject
Project("{2150E333-8FDC-42A3-9474-1A3956D46DE8}") = "tools", "tools", "{07C2787E-EAC7-C090-1BA3-A61EC2A24D84}"
EndProject
Project("{FAE04EC0-301F-11D3-BF4B-00C04F79EFBC}") = "Skylines.Bridge.Conformance", "tools\Skylines.Bridge.Conformance\Skylines.Bridge.Conformance.csproj", "{8C485370-BF5F-4C58-9119-1389B8A54B99}"
EndProject
Project("{FAE04EC0-301F-11D3-BF4B-00C04F79EFBC}") = "Skylines.Host", "src\Skylines.Host\Skylines.Host.csproj", "{E60E9167-36A6-4D13-99C4-AB4A37C646C4}"
EndProject
Project("{FAE04EC0-301F-11D3-BF4B-00C04F79EFBC}") = "MinecraftSkylines.Mod", "src\MinecraftSkylines.Mod\MinecraftSkylines.Mod.csproj", "{C5081DC5-A271-442F-A861-57ABF292F7EE}"
EndProject
Project("{FAE04EC0-301F-11D3-BF4B-00C04F79EFBC}") = "Skylines.Core", "src\Skylines.Core\Skylines.Core.csproj", "{31AD727E-35D3-4944-8278-2342A612B85D}"
EndProject
Project("{FAE04EC0-301F-11D3-BF4B-00C04F79EFBC}") = "Skylines.Core.Tests", "tests\Skylines.Core.Tests\Skylines.Core.Tests.csproj", "{25F303F3-7AC6-4DCE-A0B2-4F26A5A55ED6}"
EndProject
Global
	GlobalSection(SolutionConfigurationPlatforms) = preSolution
		Debug|Any CPU = Debug|Any CPU
		Debug|x64 = Debug|x64
		Debug|x86 = Debug|x86
		Release|Any CPU = Release|Any CPU
		Release|x64 = Release|x64
		Release|x86 = Release|x86
	EndGlobalSection
	GlobalSection(ProjectConfigurationPlatforms) = postSolution
		{DC54419D-8299-4BAE-9FC6-8AF6BE49678B}.Debug|Any CPU.ActiveCfg = Debug|Any CPU
		{DC54419D-8299-4BAE-9FC6-8AF6BE49678B}.Debug|Any CPU.Build.0 = Debug|Any CPU
		{DC54419D-8299-4BAE-9FC6-8AF6BE49678B}.Debug|x64.ActiveCfg = Debug|Any CPU
		{DC54419D-8299-4BAE-9FC6-8AF6BE49678B}.Debug|x64.Build.0 = Debug|Any CPU
		{DC54419D-8299-4BAE-9FC6-8AF6BE49678B}.Debug|x86.ActiveCfg = Debug|Any CPU
		{DC54419D-8299-4BAE-9FC6-8AF6BE49678B}.Debug|x86.Build.0 = Debug|Any CPU
		{DC54419D-8299-4BAE-9FC6-8AF6BE49678B}.Release|Any CPU.ActiveCfg = Release|Any CPU
		{DC54419D-8299-4BAE-9FC6-8AF6BE49678B}.Release|Any CPU.Build.0 = Release|Any CPU
		{DC54419D-8299-4BAE-9FC6-8AF6BE49678B}.Release|x64.ActiveCfg = Release|Any CPU
		{DC54419D-8299-4BAE-9FC6-8AF6BE49678B}.Release|x64.Build.0 = Release|Any CPU
		{DC54419D-8299-4BAE-9FC6-8AF6BE49678B}.Release|x86.ActiveCfg = Release|Any CPU
		{DC54419D-8299-4BAE-9FC6-8AF6BE49678B}.Release|x86.Build.0 = Release|Any CPU
		{D30C15BB-A14D-41B5-990B-064E5A707C52}.Debug|Any CPU.ActiveCfg = Debug|Any CPU
		{D30C15BB-A14D-41B5-990B-064E5A707C52}.Debug|Any CPU.Build.0 = Debug|Any CPU
		{D30C15BB-A14D-41B5-990B-064E5A707C52}.Debug|x64.ActiveCfg = Debug|Any CPU
		{D30C15BB-A14D-41B5-990B-064E5A707C52}.Debug|x64.Build.0 = Debug|Any CPU
		{D30C15BB-A14D-41B5-990B-064E5A707C52}.Debug|x86.ActiveCfg = Debug|Any CPU
		{D30C15BB-A14D-41B5-990B-064E5A707C52}.Debug|x86.Build.0 = Debug|Any CPU
		{D30C15BB-A14D-41B5-990B-064E5A707C52}.Release|Any CPU.ActiveCfg = Release|Any CPU
		{D30C15BB-A14D-41B5-990B-064E5A707C52}.Release|Any CPU.Build.0 = Release|Any CPU
		{D30C15BB-A14D-41B5-990B-064E5A707C52}.Release|x64.ActiveCfg = Release|Any CPU
		{D30C15BB-A14D-41B5-990B-064E5A707C52}.Release|x64.Build.0 = Release|Any CPU
		{D30C15BB-A14D-41B5-990B-064E5A707C52}.Release|x86.ActiveCfg = Release|Any CPU
		{D30C15BB-A14D-41B5-990B-064E5A707C52}.Release|x86.Build.0 = Release|Any CPU
		{F3CD1598-CF14-4B1F-ACDE-BB8EE4533D1D}.Debug|Any CPU.ActiveCfg = Debug|Any CPU
		{F3CD1598-CF14-4B1F-ACDE-BB8EE4533D1D}.Debug|Any CPU.Build.0 = Debug|Any CPU
		{F3CD1598-CF14-4B1F-ACDE-BB8EE4533D1D}.Debug|x64.ActiveCfg = Debug|Any CPU
		{F3CD1598-CF14-4B1F-ACDE-BB8EE4533D1D}.Debug|x64.Build.0 = Debug|Any CPU
		{F3CD1598-CF14-4B1F-ACDE-BB8EE4533D1D}.Debug|x86.ActiveCfg = Debug|Any CPU
		{F3CD1598-CF14-4B1F-ACDE-BB8EE4533D1D}.Debug|x86.Build.0 = Debug|Any CPU
		{F3CD1598-CF14-4B1F-ACDE-BB8EE4533D1D}.Release|Any CPU.ActiveCfg = Release|Any CPU
		{F3CD1598-CF14-4B1F-ACDE-BB8EE4533D1D}.Release|Any CPU.Build.0 = Release|Any CPU
		{F3CD1598-CF14-4B1F-ACDE-BB8EE4533D1D}.Release|x64.ActiveCfg = Release|Any CPU
		{F3CD1598-CF14-4B1F-ACDE-BB8EE4533D1D}.Release|x64.Build.0 = Release|Any CPU
		{F3CD1598-CF14-4B1F-ACDE-BB8EE4533D1D}.Release|x86.ActiveCfg = Release|Any CPU
		{F3CD1598-CF14-4B1F-ACDE-BB8EE4533D1D}.Release|x86.Build.0 = Release|Any CPU
		{7A953623-1560-4C1F-8ABC-24D8157A01DA}.Debug|Any CPU.ActiveCfg = Debug|Any CPU
		{7A953623-1560-4C1F-8ABC-24D8157A01DA}.Debug|Any CPU.Build.0 = Debug|Any CPU
		{7A953623-1560-4C1F-8ABC-24D8157A01DA}.Debug|x64.ActiveCfg = Debug|Any CPU
		{7A953623-1560-4C1F-8ABC-24D8157A01DA}.Debug|x64.Build.0 = Debug|Any CPU
		{7A953623-1560-4C1F-8ABC-24D8157A01DA}.Debug|x86.ActiveCfg = Debug|Any CPU
		{7A953623-1560-4C1F-8ABC-24D8157A01DA}.Debug|x86.Build.0 = Debug|Any CPU
		{7A953623-1560-4C1F-8ABC-24D8157A01DA}.Release|Any CPU.ActiveCfg = Release|Any CPU
		{7A953623-1560-4C1F-8ABC-24D8157A01DA}.Release|Any CPU.Build.0 = Release|Any CPU
		{7A953623-1560-4C1F-8ABC-24D8157A01DA}.Release|x64.ActiveCfg = Release|Any CPU
		{7A953623-1560-4C1F-8ABC-24D8157A01DA}.Release|x64.Build.0 = Release|Any CPU
		{7A953623-1560-4C1F-8ABC-24D8157A01DA}.Release|x86.ActiveCfg = Release|Any CPU
		{7A953623-1560-4C1F-8ABC-24D8157A01DA}.Release|x86.Build.0 = Release|Any CPU
		{8C485370-BF5F-4C58-9119-1389B8A54B99}.Debug|Any CPU.ActiveCfg = Debug|Any CPU
		{8C485370-BF5F-4C58-9119-1389B8A54B99}.Debug|Any CPU.Build.0 = Debug|Any CPU
		{8C485370-BF5F-4C58-9119-1389B8A54B99}.Debug|x64.ActiveCfg = Debug|Any CPU
		{8C485370-BF5F-4C58-9119-1389B8A54B99}.Debug|x64.Build.0 = Debug|Any CPU
		{8C485370-BF5F-4C58-9119-1389B8A54B99}.Debug|x86.ActiveCfg = Debug|Any CPU
		{8C485370-BF5F-4C58-9119-1389B8A54B99}.Debug|x86.Build.0 = Debug|Any CPU
		{8C485370-BF5F-4C58-9119-1389B8A54B99}.Release|Any CPU.ActiveCfg = Release|Any CPU
		{8C485370-BF5F-4C58-9119-1389B8A54B99}.Release|Any CPU.Build.0 = Release|Any CPU
		{8C485370-BF5F-4C58-9119-1389B8A54B99}.Release|x64.ActiveCfg = Release|Any CPU
		{8C485370-BF5F-4C58-9119-1389B8A54B99}.Release|x64.Build.0 = Release|Any CPU
		{8C485370-BF5F-4C58-9119-1389B8A54B99}.Release|x86.ActiveCfg = Release|Any CPU
		{8C485370-BF5F-4C58-9119-1389B8A54B99}.Release|x86.Build.0 = Release|Any CPU
		{E60E9167-36A6-4D13-99C4-AB4A37C646C4}.Debug|Any CPU.ActiveCfg = Debug|Any CPU
		{E60E9167-36A6-4D13-99C4-AB4A37C646C4}.Debug|Any CPU.Build.0 = Debug|Any CPU
		{E60E9167-36A6-4D13-99C4-AB4A37C646C4}.Debug|x64.ActiveCfg = Debug|Any CPU
		{E60E9167-36A6-4D13-99C4-AB4A37C646C4}.Debug|x64.Build.0 = Debug|Any CPU
		{E60E9167-36A6-4D13-99C4-AB4A37C646C4}.Debug|x86.ActiveCfg = Debug|Any CPU
		{E60E9167-36A6-4D13-99C4-AB4A37C646C4}.Debug|x86.Build.0 = Debug|Any CPU
		{E60E9167-36A6-4D13-99C4-AB4A37C646C4}.Release|Any CPU.ActiveCfg = Release|Any CPU
		{E60E9167-36A6-4D13-99C4-AB4A37C646C4}.Release|Any CPU.Build.0 = Release|Any CPU
		{E60E9167-36A6-4D13-99C4-AB4A37C646C4}.Release|x64.ActiveCfg = Release|Any CPU
		{E60E9167-36A6-4D13-99C4-AB4A37C646C4}.Release|x64.Build.0 = Release|Any CPU
		{E60E9167-36A6-4D13-99C4-AB4A37C646C4}.Release|x86.ActiveCfg = Release|Any CPU
		{E60E9167-36A6-4D13-99C4-AB4A37C646C4}.Release|x86.Build.0 = Release|Any CPU
		{C5081DC5-A271-442F-A861-57ABF292F7EE}.Debug|Any CPU.ActiveCfg = Debug|Any CPU
		{C5081DC5-A271-442F-A861-57ABF292F7EE}.Debug|Any CPU.Build.0 = Debug|Any CPU
		{C5081DC5-A271-442F-A861-57ABF292F7EE}.Debug|x64.ActiveCfg = Debug|Any CPU
		{C5081DC5-A271-442F-A861-57ABF292F7EE}.Debug|x64.Build.0 = Debug|Any CPU
		{C5081DC5-A271-442F-A861-57ABF292F7EE}.Debug|x86.ActiveCfg = Debug|Any CPU
		{C5081DC5-A271-442F-A861-57ABF292F7EE}.Debug|x86.Build.0 = Debug|Any CPU
		{C5081DC5-A271-442F-A861-57ABF292F7EE}.Release|Any CPU.ActiveCfg = Release|Any CPU
		{C5081DC5-A271-442F-A861-57ABF292F7EE}.Release|Any CPU.Build.0 = Release|Any CPU
		{C5081DC5-A271-442F-A861-57ABF292F7EE}.Release|x64.ActiveCfg = Release|Any CPU
		{C5081DC5-A271-442F-A861-57ABF292F7EE}.Release|x64.Build.0 = Release|Any CPU
		{C5081DC5-A271-442F-A861-57ABF292F7EE}.Release|x86.ActiveCfg = Release|Any CPU
		{C5081DC5-A271-442F-A861-57ABF292F7EE}.Release|x86.Build.0 = Release|Any CPU
		{31AD727E-35D3-4944-8278-2342A612B85D}.Debug|Any CPU.ActiveCfg = Debug|Any CPU
		{31AD727E-35D3-4944-8278-2342A612B85D}.Debug|Any CPU.Build.0 = Debug|Any CPU
		{31AD727E-35D3-4944-8278-2342A612B85D}.Debug|x64.ActiveCfg = Debug|Any CPU
		{31AD727E-35D3-4944-8278-2342A612B85D}.Debug|x64.Build.0 = Debug|Any CPU
		{31AD727E-35D3-4944-8278-2342A612B85D}.Debug|x86.ActiveCfg = Debug|Any CPU
		{31AD727E-35D3-4944-8278-2342A612B85D}.Debug|x86.Build.0 = Debug|Any CPU
		{31AD727E-35D3-4944-8278-2342A612B85D}.Release|Any CPU.ActiveCfg = Release|Any CPU
		{31AD727E-35D3-4944-8278-2342A612B85D}.Release|Any CPU.Build.0 = Release|Any CPU
		{31AD727E-35D3-4944-8278-2342A612B85D}.Release|x64.ActiveCfg = Release|Any CPU
		{31AD727E-35D3-4944-8278-2342A612B85D}.Release|x64.Build.0 = Release|Any CPU
		{31AD727E-35D3-4944-8278-2342A612B85D}.Release|x86.ActiveCfg = Release|Any CPU
		{31AD727E-35D3-4944-8278-2342A612B85D}.Release|x86.Build.0 = Release|Any CPU
		{25F303F3-7AC6-4DCE-A0B2-4F26A5A55ED6}.Debug|Any CPU.ActiveCfg = Debug|Any CPU
		{25F303F3-7AC6-4DCE-A0B2-4F26A5A55ED6}.Debug|Any CPU.Build.0 = Debug|Any CPU
		{25F303F3-7AC6-4DCE-A0B2-4F26A5A55ED6}.Debug|x64.ActiveCfg = Debug|Any CPU
		{25F303F3-7AC6-4DCE-A0B2-4F26A5A55ED6}.Debug|x64.Build.0 = Debug|Any CPU
		{25F303F3-7AC6-4DCE-A0B2-4F26A5A55ED6}.Debug|x86.ActiveCfg = Debug|Any CPU
		{25F303F3-7AC6-4DCE-A0B2-4F26A5A55ED6}.Debug|x86.Build.0 = Debug|Any CPU
		{25F303F3-7AC6-4DCE-A0B2-4F26A5A55ED6}.Release|Any CPU.ActiveCfg = Release|Any CPU
		{25F303F3-7AC6-4DCE-A0B2-4F26A5A55ED6}.Release|Any CPU.Build.0 = Release|Any CPU
		{25F303F3-7AC6-4DCE-A0B2-4F26A5A55ED6}.Release|x64.ActiveCfg = Release|Any CPU
		{25F303F3-7AC6-4DCE-A0B2-4F26A5A55ED6}.Release|x64.Build.0 = Release|Any CPU
		{25F303F3-7AC6-4DCE-A0B2-4F26A5A55ED6}.Release|x86.ActiveCfg = Release|Any CPU
		{25F303F3-7AC6-4DCE-A0B2-4F26A5A55ED6}.Release|x86.Build.0 = Release|Any CPU
	EndGlobalSection
	GlobalSection(SolutionProperties) = preSolution
		HideSolutionNode = FALSE
	EndGlobalSection
	GlobalSection(NestedProjects) = preSolution
		{DC54419D-8299-4BAE-9FC6-8AF6BE49678B} = {827E0CD3-B72D-47B6-A68D-7590B98EB39B}
		{D30C15BB-A14D-41B5-990B-064E5A707C52} = {827E0CD3-B72D-47B6-A68D-7590B98EB39B}
		{F3CD1598-CF14-4B1F-ACDE-BB8EE4533D1D} = {0AB3BF05-4346-4AA6-1389-037BE0695223}
		{7A953623-1560-4C1F-8ABC-24D8157A01DA} = {0AB3BF05-4346-4AA6-1389-037BE0695223}
		{8C485370-BF5F-4C58-9119-1389B8A54B99} = {07C2787E-EAC7-C090-1BA3-A61EC2A24D84}
		{E60E9167-36A6-4D13-99C4-AB4A37C646C4} = {827E0CD3-B72D-47B6-A68D-7590B98EB39B}
		{C5081DC5-A271-442F-A861-57ABF292F7EE} = {827E0CD3-B72D-47B6-A68D-7590B98EB39B}
		{31AD727E-35D3-4944-8278-2342A612B85D} = {827E0CD3-B72D-47B6-A68D-7590B98EB39B}
		{25F303F3-7AC6-4DCE-A0B2-4F26A5A55ED6} = {0AB3BF05-4346-4AA6-1389-037BE0695223}
	EndGlobalSection
EndGlobal
